
Microsoft Visual Studio Solution File, Format Version 12.00
# Visual Studio 2012
Project("{FAE04EC0-301F-11D3-BF4B-00C04F79EFBC}") = "WebViewBit", "WebViewBit\WebViewBit.csproj", "{BCFA0502-B39B-4EB6-97BA-61936F51331E}"
EndProject
Project("{FAE04EC0-301F-11D3-BF4B-00C04F79EFBC}") = "WebViewBit.iOS", "iOS\WebViewBit.iOS.csproj", "{5A7BB644-19BA-41DD-A56C-D5E44D0CFA0A}"
EndProject
Project("{FAE04EC0-301F-11D3-BF4B-00C04F79EFBC}") = "WebViewBit.Droid", "Droid\WebViewBit.Droid.csproj", "{EB56963F-4E80-4F6A-B403-C1BB18E13757}"
EndProject
Global
	GlobalSection(SolutionConfigurationPlatforms) = preSolution
		Debug|Any CPU = Debug|Any CPU
		Release|Any CPU = Release|Any CPU
		Debug|iPhoneSimulator = Debug|iPhoneSimulator
		Release|iPhone = Release|iPhone
		Release|iPhoneSimulator = Release|iPhoneSimulator
		Debug|iPhone = Debug|iPhone
	EndGlobalSection
	GlobalSection(ProjectConfigurationPlatforms) = postSolution
		{BCFA0502-B39B-4EB6-97BA-61936F51331E}.Debug|Any CPU.ActiveCfg = Debug|Any CPU
		{BCFA0502-B39B-4EB6-97BA-61936F51331E}.Debug|Any CPU.Build.0 = Debug|Any CPU
		{BCFA0502-B39B-4EB6-97BA-61936F51331E}.Release|Any CPU.ActiveCfg = Release|Any CPU
		{BCFA0502-B39B-4EB6-97BA-61936F51331E}.Release|Any CPU.Build.0 = Release|Any CPU
		{BCFA0502-B39B-4EB6-97BA-61936F51331E}.Debug|iPhoneSimulator.ActiveCfg = Debug|Any CPU
		{BCFA0502-B39B-4EB6-97BA-61936F51331E}.Debug|iPhoneSimulator.Build.0 = Debug|Any CPU
		{BCFA0502-B39B-4EB6-97BA-61936F51331E}.Release|iPhone.ActiveCfg = Release|Any CPU
		{BCFA0502-B39B-4EB6-97BA-61936F51331E}.Release|iPhone.Build.0 = Release|Any CPU
		{BCFA0502-B39B-4EB6-97BA-61936F51331E}.Release|iPhoneSimulator.ActiveCfg = Release|Any CPU
		{BCFA0502-B39B-4EB6-97BA-61936F51331E}.Release|iPhoneSimulator.Build.0 = Release|Any CPU
		{BCFA0502-B39B-4EB6-97BA-61936F51331E}.Debug|iPhone.ActiveCfg = Debug|Any CPU
		{BCFA0502-B39B-4EB6-97BA-61936F51331E}.Debug|iPhone.Build.0 = Debug|Any CPU
		{5A7BB644-19BA-41DD-A56C-D5E44D0CFA0A}.Debug|Any CPU.ActiveCfg = Debug|iPhoneSimulator
		{5A7BB644-19BA-41DD-A56C-D5E44D0CFA0A}.Debug|Any CPU.Build.0 = Debug|iPhoneSimulator
		{5A7BB644-19BA-41DD-A56C-D5E44D0CFA0A}.Release|Any CPU.ActiveCfg = Release|iPhone
		{5A7BB644-19BA-41DD-A56C-D5E44D0CFA0A}.Release|Any CPU.Build.0 = Release|iPhone
		{5A7BB644-19BA-41DD-A56C-D5E44D0CFA0A}.Debug|iPhoneSimulator.ActiveCfg = Debug|iPhoneSimulator
		{5A7BB644-19BA-41DD-A56C-D5E44D0CFA0A}.Debug|iPhoneSimulator.Build.0 = Debug|iPhoneSimulator
		{5A7BB644-19BA-41DD-A56C-D5E44D0CFA0A}.Release|iPhone.ActiveCfg = Release|iPhone
		{5A7BB644-19BA-41DD-A56C-D5E44D0CFA0A}.Release|iPhone.Build.0 = Release|iPhone
		{5A7BB644-19BA-41DD-A56C-D5E44D0CFA0A}.Release|iPhoneSimulator.ActiveCfg = Release|iPhoneSimulator
		{5A7BB644-19BA-41DD-A56C-D5E44D0CFA0A}.Release|iPhoneSimulator.Build.0 = Release|iPhoneSimulator
		{5A7BB644-19BA-41DD-A56C-D5E44D0CFA0A}.Debug|iPhone.ActiveCfg = Debug|iPhone
		{5A7BB644-19BA-41DD-A56C-D5E44D0CFA0A}.Debug|iPhone.Build.0 = Debug|iPhone
		{EB56963F-4E80-4F6A-B403-C1BB18E13757}.Debug|Any CPU.ActiveCfg = Debug|Any CPU
		{EB56963F-4E80-4F6A-B403-C1BB18E13757}.Debug|Any CPU.Build.0 = Debug|Any CPU
		{EB56963F-4E80-4F6A-B403-C1BB18E13757}.Release|Any CPU.ActiveCfg = Release|Any CPU
		{EB56963F-4E80-4F6A-B403-C1BB18E13757}.Release|Any CPU.Build.0 = Release|Any CPU
		{EB56963F-4E80-4F6A-B403-C1BB18E13757}.Debug|iPhoneSimulator.ActiveCfg = Debug|Any CPU
		{EB56963F-4E80-4F6A-B403-C1BB18E13757}.Debug|iPhoneSimulator.Build.0 = Debug|Any CPU
		{EB56963F-4E80-4F6A-B403-C1BB18E13757}.Release|iPhone.ActiveCfg = Release|Any CPU
		{EB56963F-4E80-4F6A-B403-C1BB18E13757}.Release|iPhone.Build.0 = Release|Any CPU
		{EB56963F-4E80-4F6A-B403-C1BB18E13757}.Release|iPhoneSimulator.ActiveCfg = Release|Any CPU
		{EB56963F-4E80-4F6A-B403-C1BB18E13757}.Release|iPhoneSimulator.Build.0 = Release|Any CPU
		{EB56963F-4E80-4F6A-B403-C1BB18E13757}.Debug|iPhone.ActiveCfg = Debug|Any CPU
		{EB56963F-4E80-4F6A-B403-C1BB18E13757}.Debug|iPhone.Build.0 = Debug|Any CPU
	EndGlobalSection
EndGlobal
